
Microsoft Visual Studio Solution File, Format Version 12.00
# Visual Studio Version 16
VisualStudioVersion = 16.0.30804.86
MinimumVisualStudioVersion = 10.0.40219.1
Project("{FAE04EC0-301F-11D3-BF4B-00C04F79EFBC}") = "Calculator", "Calculator\Calculator.csproj", "{C692F9B5-7678-4B0E-BF3C-400B09F3E69E}"
EndProject
Global
	GlobalSection(SolutionConfigurationPlatforms) = preSolution
		Debug|Any CPU = Debug|Any CPU
		Release|Any CPU = Release|Any CPU
	EndGlobalSection
	GlobalSection(ProjectConfigurationPlatforms) = postSolution
		{C692F9B5-7678-4B0E-BF3C-400B09F3E69E}.Debug|Any CPU.ActiveCfg = Debug|Any CPU
		{C692F9B5-7678-4B0E-BF3C-400B09F3E69E}.Debug|Any CPU.Build.0 = Debug|Any CPU
		{C692F9B5-7678-4B0E-BF3C-400B09F3E69E}.Release|Any CPU.ActiveCfg = Release|Any CPU
		{C692F9B5-7678-4B0E-BF3C-400B09F3E69E}.Release|Any CPU.Build.0 = Release|Any CPU
	EndGlobalSection
	GlobalSection(SolutionProperties) = preSolution
		HideSolutionNode = FALSE
	EndGlobalSection
	GlobalSection(ExtensibilityGlobals) = postSolution
		SolutionGuid = {0A0D3677-1F34-4912-8021-47FE2D33A326}
	EndGlobalSection
EndGlobal
